
Microsoft Visual Studio Solution File, Format Version 12.00
# Visual Studio Version 17
VisualStudioVersion = 17.7.34024.191
MinimumVisualStudioVersion = 10.0.40219.1
Project("{FAE04EC0-301F-11D3-BF4B-00C04F79EFBC}") = "WPF_Capture", "WPF_Capture\WPF_Capture.csproj", "{9CC4BD2B-48F8-40A7-900C-6F109F5B71D1}"
EndProject
Global
	GlobalSection(SolutionConfigurationPlatforms) = preSolution
		Debug|Any CPU = Debug|Any CPU
		Release|Any CPU = Release|Any CPU
	EndGlobalSection
	GlobalSection(ProjectConfigurationPlatforms) = postSolution
		{9CC4BD2B-48F8-40A7-900C-6F109F5B71D1}.Debug|Any CPU.ActiveCfg = Debug|Any CPU
		{9CC4BD2B-48F8-40A7-900C-6F109F5B71D1}.Debug|Any CPU.Build.0 = Debug|Any CPU
		{9CC4BD2B-48F8-40A7-900C-6F109F5B71D1}.Release|Any CPU.ActiveCfg = Release|Any CPU
		{9CC4BD2B-48F8-40A7-900C-6F109F5B71D1}.Release|Any CPU.Build.0 = Release|Any CPU
	EndGlobalSection
	GlobalSection(SolutionProperties) = preSolution
		HideSolutionNode = FALSE
	EndGlobalSection
	GlobalSection(ExtensibilityGlobals) = postSolution
		SolutionGuid = {02B511D8-3AEA-4762-816A-78027E614E94}
	EndGlobalSection
EndGlobal
