
Microsoft Visual Studio Solution File, Format Version 12.00
# Visual Studio Version 16
VisualStudioVersion = 25.0.1706.9
MinimumVisualStudioVersion = 10.0.40219.1
Project("{FAE04EC0-301F-11D3-BF4B-00C04F79EFBC}") = "TestReadImg", "TestReadImg\TestReadImg.csproj", "{38E1B792-0795-491A-BA41-9848820A8A12}"
EndProject
Global
	GlobalSection(SolutionConfigurationPlatforms) = preSolution
		Debug|Any CPU = Debug|Any CPU
		Release|Any CPU = Release|Any CPU
	EndGlobalSection
	GlobalSection(ProjectConfigurationPlatforms) = postSolution
		{38E1B792-0795-491A-BA41-9848820A8A12}.Debug|Any CPU.ActiveCfg = Debug|Any CPU
		{38E1B792-0795-491A-BA41-9848820A8A12}.Debug|Any CPU.Build.0 = Debug|Any CPU
		{38E1B792-0795-491A-BA41-9848820A8A12}.Release|Any CPU.ActiveCfg = Release|Any CPU
		{38E1B792-0795-491A-BA41-9848820A8A12}.Release|Any CPU.Build.0 = Release|Any CPU
	EndGlobalSection
	GlobalSection(SolutionProperties) = preSolution
		HideSolutionNode = FALSE
	EndGlobalSection
	GlobalSection(ExtensibilityGlobals) = postSolution
		SolutionGuid = {48714301-C3EB-408A-AC7E-0488D7123E62}
	EndGlobalSection
EndGlobal
